// !$*UTF8*$!
{
	archiveVersion = 1;
	classes = {
	};
	objectVersion = 46;
	objects = {

/* Begin PBXBuildFile section */
		858CF64B1B9074AB009A3941 /* main.m in Sources */ = {isa = PBXBuildFile; fileRef = 858CF64A1B9074AB009A3941 /* main.m */; };
		858CF64E1B9074AB009A3941 /* AppDelegate.m in Sources */ = {isa = PBXBuildFile; fileRef = 858CF64D1B9074AB009A3941 /* AppDelegate.m */; };
		858CF6511B9074AB009A3941 /* ViewController.m in Sources */ = {isa = PBXBuildFile; fileRef = 858CF6501B9074AB009A3941 /* ViewController.m */; };
		858CF6541B9074AB009A3941 /* Main.storyboard in Resources */ = {isa = PBXBuildFile; fileRef = 858CF6521B9074AB009A3941 /* Main.storyboard */; };
		858CF6561B9074AB009A3941 /* Images.xcassets in Resources */ = {isa = PBXBuildFile; fileRef = 858CF6551B9074AB009A3941 /* Images.xcassets */; };
		858CF6591B9074AB009A3941 /* LaunchScreen.xib in Resources */ = {isa = PBXBuildFile; fileRef = 858CF6571B9074AB009A3941 /* LaunchScreen.xib */; };
		858CF6651B9074AB009A3941 /* Simple_ChatTests.m in Sources */ = {isa = PBXBuildFile; fileRef = 858CF6641B9074AB009A3941 /* Simple_ChatTests.m */; };
/* End PBXBuildFile section */

/* Begin PBXContainerItemProxy section */
		858CF65F1B9074AB009A3941 /* PBXContainerItemProxy */ = {
			isa = PBXContainerItemProxy;
			containerPortal = 858CF63D1B9074AA009A3941 /* Project object */;
			proxyType = 1;
			remoteGlobalIDString = 858CF6441B9074AB009A3941;
			remoteInfo = Simple_Chat;
		};
/* End PBXContainerItemProxy section */

/* Begin PBXFileReference section */
		858CF6451B9074AB009A3941 /* Simple_Chat.app */ = {isa = PBXFileReference; explicitFileType = wrapper.application; includeInIndex = 0; path = Simple_Chat.app; sourceTree = BUILT_PRODUCTS_DIR; };
		858CF6491B9074AB009A3941 /* Info.plist */ = {isa = PBXFileReference; lastKnownFileType = text.plist.xml; path = Info.plist; sourceTree = "<group>"; };
		858CF64A1B9074AB009A3941 /* main.m */ = {isa = PBXFileReference; lastKnownFileType = sourcecode.c.objc; path = main.m; sourceTree = "<group>"; };
		858CF64C1B9074AB009A3941 /* AppDelegate.h */ = {isa = PBXFileReference; lastKnownFileType = sourcecode.c.h; path = AppDelegate.h; sourceTree = "<group>"; };
		858CF64D1B9074AB009A3941 /* AppDelegate.m */ = {isa = PBXFileReference; lastKnownFileType = sourcecode.c.objc; path = AppDelegate.m; sourceTree = "<group>"; };
		858CF64F1B9074AB009A3941 /* ViewController.h */ = {isa = PBXFileReference; lastKnownFileType = sourcecode.c.h; path = ViewController.h; sourceTree = "<group>"; };
		858CF6501B9074AB009A3941 /* ViewController.m */ = {isa = PBXFileReference; lastKnownFileType = sourcecode.c.objc; path = ViewController.m; sourceTree = "<group>"; };
		858CF6531B9074AB009A3941 /* Base */ = {isa = PBXFileReference; lastKnownFileType = file.storyboard; name = Base; path = Base.lproj/Main.storyboard; sourceTree = "<group>"; };
		858CF6551B9074AB009A3941 /* Images.xcassets */ = {isa = PBXFileReference; lastKnownFileType = folder.assetcatalog; path = Images.xcassets; sourceTree = "<group>"; };
		858CF6581B9074AB009A3941 /* Base */ = {isa = PBXFileReference; lastKnownFileType = file.xib; name = Base; path = Base.lproj/LaunchScreen.xib; sourceTree = "<group>"; };
		858CF65E1B9074AB009A3941 /* Simple_ChatTests.xctest */ = {isa = PBXFileReference; explicitFileType = wrapper.cfbundle; includeInIndex = 0; path = Simple_ChatTests.xctest; sourceTree = BUILT_PRODUCTS_DIR; };
		858CF6631B9074AB009A3941 /* Info.plist */ = {isa = PBXFileReference; lastKnownFileType = text.plist.xml; path = Info.plist; sourceTree = "<group>"; };
		858CF6641B9074AB009A3941 /* Simple_ChatTests.m */ = {isa = PBXFileReference; lastKnownFileType = sourcecode.c.objc; path = Simple_ChatTests.m; sourceTree = "<group>"; };
/* End PBXFileReference section */

/* Begin PBXFrameworksBuildPhase section */
		858CF6421B9074AB009A3941 /* Frameworks */ = {
			isa = PBXFrameworksBuildPhase;
			buildActionMask = 2147483647;
			files = (
			);
			runOnlyForDeploymentPostprocessing = 0;
		};
		858CF65B1B9074AB009A3941 /* Frameworks */ = {
			isa = PBXFrameworksBuildPhase;
			buildActionMask = 2147483647;
			files = (
			);
			runOnlyForDeploymentPostprocessing = 0;
		};
/* End PBXFrameworksBuildPhase section */

/* Begin PBXGroup section */
		858CF63C1B9074AA009A3941 = {
			isa = PBXGroup;
			children = (
				858CF6471B9074AB009A3941 /* Simple_Chat */,
				858CF6611B9074AB009A3941 /* Simple_ChatTests */,
				858CF6461B9074AB009A3941 /* Products */,
			);
			sourceTree = "<group>";
		};
		858CF6461B9074AB009A3941 /* Products */ = {
			isa = PBXGroup;
			children = (
				858CF6451B9074AB009A3941 /* Simple_Chat.app */,
				858CF65E1B9074AB009A3941 /* Simple_ChatTests.xctest */,
			);
			name = Products;
			sourceTree = "<group>";
		};
		858CF6471B9074AB009A3941 /* Simple_Chat */ = {
			isa = PBXGroup;
			children = (
				858CF64C1B9074AB009A3941 /* AppDelegate.h */,
				858CF64D1B9074AB009A3941 /* AppDelegate.m */,
				858CF64F1B9074AB009A3941 /* ViewController.h */,
				858CF6501B9074AB009A3941 /* ViewController.m */,
				858CF6521B9074AB009A3941 /* Main.storyboard */,
				858CF6551B9074AB009A3941 /* Images.xcassets */,
				858CF6571B9074AB009A3941 /* LaunchScreen.xib */,
				858CF6481B9074AB009A3941 /* Supporting Files */,
			);
			path = Simple_Chat;
			sourceTree = "<group>";
		};
		858CF6481B9074AB009A3941 /* Supporting Files */ = {
			isa = PBXGroup;
			children = (
				858CF6491B9074AB009A3941 /* Info.plist */,
				858CF64A1B9074AB009A3941 /* main.m */,
			);
			name = "Supporting Files";
			sourceTree = "<group>";
		};
		858CF6611B9074AB009A3941 /* Simple_ChatTests */ = {
			isa = PBXGroup;
			children = (
				858CF6641B9074AB009A3941 /* Simple_ChatTests.m */,
				858CF6621B9074AB009A3941 /* Supporting Files */,
			);
			path = Simple_ChatTests;
			sourceTree = "<group>";
		};
		858CF6621B9074AB009A3941 /* Supporting Files */ = {
			isa = PBXGroup;
			children = (
				858CF6631B9074AB009A3941 /* Info.plist */,
			);
			name = "Supporting Files";
			sourceTree = "<group>";
		};
/* End PBXGroup section */

/* Begin PBXNativeTarget section */
		858CF6441B9074AB009A3941 /* Simple_Chat */ = {
			isa = PBXNativeTarget;
			buildConfigurationList = 858CF6681B9074AB009A3941 /* Build configuration list for PBXNativeTarget "Simple_Chat" */;
			buildPhases = (
				858CF6411B9074AB009A3941 /* Sources */,
				858CF6421B9074AB009A3941 /* Frameworks */,
				858CF6431B9074AB009A3941 /* Resources */,
			);
			buildRules = (
			);
			dependencies = (
			);
			name = Simple_Chat;
			productName = Simple_Chat;
			productReference = 858CF6451B9074AB009A3941 /* Simple_Chat.app */;
			productType = "com.apple.product-type.application";
		};
		858CF65D1B9074AB009A3941 /* Simple_ChatTests */ = {
			isa = PBXNativeTarget;
			buildConfigurationList = 858CF66B1B9074AB009A3941 /* Build configuration list for PBXNativeTarget "Simple_ChatTests" */;
			buildPhases = (
				858CF65A1B9074AB009A3941 /* Sources */,
				858CF65B1B9074AB009A3941 /* Frameworks */,
				858CF65C1B9074AB009A3941 /* Resources */,
			);
			buildRules = (
			);
			dependencies = (
				858CF6601B9074AB009A3941 /* PBXTargetDependency */,
			);
			name = Simple_ChatTests;
			productName = Simple_ChatTests;
			productReference = 858CF65E1B9074AB009A3941 /* Simple_ChatTests.xctest */;
			productType = "com.apple.product-type.bundle.unit-test";
		};
/* End PBXNativeTarget section */

/* Begin PBXProject section */
		858CF63D1B9074AA009A3941 /* Project object */ = {
			isa = PBXProject;
			attributes = {
				LastUpgradeCheck = 0630;
				ORGANIZATIONNAME = "蔡繼東";
				TargetAttributes = {
					858CF6441B9074AB009A3941 = {
						CreatedOnToolsVersion = 6.3.2;
					};
					858CF65D1B9074AB009A3941 = {
						CreatedOnToolsVersion = 6.3.2;
						TestTargetID = 858CF6441B9074AB009A3941;
					};
				};
			};
			buildConfigurationList = 858CF6401B9074AA009A3941 /* Build configuration list for PBXProject "Simple_Chat" */;
			compatibilityVersion = "Xcode 3.2";
			developmentRegion = English;
			hasScannedForEncodings = 0;
			knownRegions = (
				en,
				Base,
			);
			mainGroup = 858CF63C1B9074AA009A3941;
			productRefGroup = 858CF6461B9074AB009A3941 /* Products */;
			projectDirPath = "";
			projectRoot = "";
			targets = (
				858CF6441B9074AB009A3941 /* Simple_Chat */,
				858CF65D1B9074AB009A3941 /* Simple_ChatTests */,
			);
		};
/* End PBXProject section */

/* Begin PBXResourcesBuildPhase section */
		858CF6431B9074AB009A3941 /* Resources */ = {
			isa = PBXResourcesBuildPhase;
			buildActionMask = 2147483647;
			files = (
				858CF6541B9074AB009A3941 /* Main.storyboard in Resources */,
				858CF6591B9074AB009A3941 /* LaunchScreen.xib in Resources */,
				858CF6561B9074AB009A3941 /* Images.xcassets in Resources */,
			);
			runOnlyForDeploymentPostprocessing = 0;
		};
		858CF65C1B9074AB009A3941 /* Resources */ = {
			isa = PBXResourcesBuildPhase;
			buildActionMask = 2147483647;
			files = (
			);
			runOnlyForDeploymentPostprocessing = 0;
		};
/* End PBXResourcesBuildPhase section */

/* Begin PBXSourcesBuildPhase section */
		858CF6411B9074AB009A3941 /* Sources */ = {
			isa = PBXSourcesBuildPhase;
			buildActionMask = 2147483647;
			files = (
				858CF6511B9074AB009A3941 /* ViewController.m in Sources */,
				858CF64E1B9074AB009A3941 /* AppDelegate.m in Sources */,
				858CF64B1B9074AB009A3941 /* main.m in Sources */,
			);
			runOnlyForDeploymentPostprocessing = 0;
		};
		858CF65A1B9074AB009A3941 /* Sources */ = {
			isa = PBXSourcesBuildPhase;
			buildActionMask = 2147483647;
			files = (
				858CF6651B9074AB009A3941 /* Simple_ChatTests.m in Sources */,
			);
			runOnlyForDeploymentPostprocessing = 0;
		};
/* End PBXSourcesBuildPhase section */

/* Begin PBXTargetDependency section */
		858CF6601B9074AB009A3941 /* PBXTargetDependency */ = {
			isa = PBXTargetDependency;
			target = 858CF6441B9074AB009A3941 /* Simple_Chat */;
			targetProxy = 858CF65F1B9074AB009A3941 /* PBXContainerItemProxy */;
		};
/* End PBXTargetDependency section */

/* Begin PBXVariantGroup section */
		858CF6521B9074AB009A3941 /* Main.storyboard */ = {
			isa = PBXVariantGroup;
			children = (
				858CF6531B9074AB009A3941 /* Base */,
			);
			name = Main.storyboard;
			sourceTree = "<group>";
		};
		858CF6571B9074AB009A3941 /* LaunchScreen.xib */ = {
			isa = PBXVariantGroup;
			children = (
				858CF6581B9074AB009A3941 /* Base */,
			);
			name = LaunchScreen.xib;
			sourceTree = "<group>";
		};
/* End PBXVariantGroup section */

/* Begin XCBuildConfiguration section */
		858CF6661B9074AB009A3941 /* Debug */ = {
			isa = XCBuildConfiguration;
			buildSettings = {
				ALWAYS_SEARCH_USER_PATHS = NO;
				CLANG_CXX_LANGUAGE_STANDARD = "gnu++0x";
				CLANG_CXX_LIBRARY = "libc++";
				CLANG_ENABLE_MODULES = YES;
				CLANG_ENABLE_OBJC_ARC = YES;
				CLANG_WARN_BOOL_CONVERSION = YES;
				CLANG_WARN_CONSTANT_CONVERSION = YES;
				CLANG_WARN_DIRECT_OBJC_ISA_USAGE = YES_ERROR;
				CLANG_WARN_EMPTY_BODY = YES;
				CLANG_WARN_ENUM_CONVERSION = YES;
				CLANG_WARN_INT_CONVERSION = YES;
				CLANG_WARN_OBJC_ROOT_CLASS = YES_ERROR;
				CLANG_WARN_UNREACHABLE_CODE = YES;
				CLANG_WARN__DUPLICATE_METHOD_MATCH = YES;
				"CODE_SIGN_IDENTITY[sdk=iphoneos*]" = "iPhone Developer";
				COPY_PHASE_STRIP = NO;
				DEBUG_INFORMATION_FORMAT = "dwarf-with-dsym";
				ENABLE_STRICT_OBJC_MSGSEND = YES;
				GCC_C_LANGUAGE_STANDARD = gnu99;
				GCC_DYNAMIC_NO_PIC = NO;
				GCC_NO_COMMON_BLOCKS = YES;
				GCC_OPTIMIZATION_LEVEL = 0;
				GCC_PREPROCESSOR_DEFINITIONS = (
					"DEBUG=1",
					"$(inherited)",
				);
				GCC_SYMBOLS_PRIVATE_EXTERN = NO;
				GCC_WARN_64_TO_32_BIT_CONVERSION = YES;
				GCC_WARN_ABOUT_RETURN_TYPE = YES_ERROR;
				GCC_WARN_UNDECLARED_SELECTOR = YES;
				GCC_WARN_UNINITIALIZED_AUTOS = YES_AGGRESSIVE;
				GCC_WARN_UNUSED_FUNCTION = YES;
				GCC_WARN_UNUSED_VARIABLE = YES;
				IPHONEOS_DEPLOYMENT_TARGET = 8.3;
				MTL_ENABLE_DEBUG_INFO = YES;
				ONLY_ACTIVE_ARCH = YES;
				SDKROOT = iphoneos;
			};
			name = Debug;
		};
		858CF6671B9074AB009A3941 /* Release */ = {
			isa = XCBuildConfiguration;
			buildSettings = {
				ALWAYS_SEARCH_USER_PATHS = NO;
				CLANG_CXX_LANGUAGE_STANDARD = "gnu++0x";
				CLANG_CXX_LIBRARY = "libc++";
				CLANG_ENABLE_MODULES = YES;
				CLANG_ENABLE_OBJC_ARC = YES;
				CLANG_WARN_BOOL_CONVERSION = YES;
				CLANG_WARN_CONSTANT_CONVERSION = YES;
				CLANG_WARN_DIRECT_OBJC_ISA_USAGE = YES_ERROR;
				CLANG_WARN_EMPTY_BODY = YES;
				CLANG_WARN_ENUM_CONVERSION = YES;
				CLANG_WARN_INT_CONVERSION = YES;
				CLANG_WARN_OBJC_ROOT_CLASS = YES_ERROR;
				CLANG_WARN_UNREACHABLE_CODE = YES;
				CLANG_WARN__DUPLICATE_METHOD_MATCH = YES;
				"CODE_SIGN_IDENTITY[sdk=iphoneos*]" = "iPhone Developer";
				COPY_PHASE_STRIP = NO;
				DEBUG_INFORMATION_FORMAT = "dwarf-with-dsym";
				ENABLE_NS_ASSERTIONS = NO;
				ENABLE_STRICT_OBJC_MSGSEND = YES;
				GCC_C_LANGUAGE_STANDARD = gnu99;
				GCC_NO_COMMON_BLOCKS = YES;
				GCC_WARN_64_TO_32_BIT_CONVERSION = YES;
				GCC_WARN_ABOUT_RETURN_TYPE = YES_ERROR;
				GCC_WARN_UNDECLARED_SELECTOR = YES;
				GCC_WARN_UNINITIALIZED_AUTOS = YES_AGGRESSIVE;
				GCC_WARN_UNUSED_FUNCTION = YES;
				GCC_WARN_UNUSED_VARIABLE = YES;
				IPHONEOS_DEPLOYMENT_TARGET = 8.3;
				MTL_ENABLE_DEBUG_INFO = NO;
				SDKROOT = iphoneos;
				VALIDATE_PRODUCT = YES;
			};
			name = Release;
		};
		858CF6691B9074AB009A3941 /* Debug */ = {
			isa = XCBuildConfiguration;
			buildSettings = {
				ASSETCATALOG_COMPILER_APPICON_NAME = AppIcon;
				INFOPLIST_FILE = Simple_Chat/Info.plist;
				LD_RUNPATH_SEARCH_PATHS = "$(inherited) @executable_path/Frameworks";
				PRODUCT_NAME = "$(TARGET_NAME)";
			};
			name = Debug;
		};
		858CF66A1B9074AB009A3941 /* Release */ = {
			isa = XCBuildConfiguration;
			buildSettings = {
				ASSETCATALOG_COMPILER_APPICON_NAME = AppIcon;
				INFOPLIST_FILE = Simple_Chat/Info.plist;
				LD_RUNPATH_SEARCH_PATHS = "$(inherited) @executable_path/Frameworks";
				PRODUCT_NAME = "$(TARGET_NAME)";
			};
			name = Release;
		};
		858CF66C1B9074AB009A3941 /* Debug */ = {
			isa = XCBuildConfiguration;
			buildSettings = {
				BUNDLE_LOADER = "$(TEST_HOST)";
				FRAMEWORK_SEARCH_PATHS = (
					"$(SDKROOT)/Developer/Library/Frameworks",
					"$(inherited)",
				);
				GCC_PREPROCESSOR_DEFINITIONS = (
					"DEBUG=1",
					"$(inherited)",
				);
				INFOPLIST_FILE = Simple_ChatTests/Info.plist;
				LD_RUNPATH_SEARCH_PATHS = "$(inherited) @executable_path/Frameworks @loader_path/Frameworks";
				PRODUCT_NAME = "$(TARGET_NAME)";
				TEST_HOST = "$(BUILT_PRODUCTS_DIR)/Simple_Chat.app/Simple_Chat";
			};
			name = Debug;
		};
		858CF66D1B9074AB009A3941 /* Release */ = {
			isa = XCBuildConfiguration;
			buildSettings = {
				BUNDLE_LOADER = "$(TEST_HOST)";
				FRAMEWORK_SEARCH_PATHS = (
					"$(SDKROOT)/Developer/Library/Frameworks",
					"$(inherited)",
				);
				INFOPLIST_FILE = Simple_ChatTests/Info.plist;
				LD_RUNPATH_SEARCH_PATHS = "$(inherited) @executable_path/Frameworks @loader_path/Frameworks";
				PRODUCT_NAME = "$(TARGET_NAME)";
				TEST_HOST = "$(BUILT_PRODUCTS_DIR)/Simple_Chat.app/Simple_Chat";
			};
			name = Release;
		};
/* End XCBuildConfiguration section */

/* Begin XCConfigurationList section */
		858CF6401B9074AA009A3941 /* Build configuration list for PBXProject "Simple_Chat" */ = {
			isa = XCConfigurationList;
			buildConfigurations = (
				858CF6661B9074AB009A3941 /* Debug */,
				858CF6671B9074AB009A3941 /* Release */,
			);
			defaultConfigurationIsVisible = 0;
			defaultConfigurationName = Release;
		};
		858CF6681B9074AB009A3941 /* Build configuration list for PBXNativeTarget "Simple_Chat" */ = {
			isa = XCConfigurationList;
			buildConfigurations = (
				858CF6691B9074AB009A3941 /* Debug */,
				858CF66A1B9074AB009A3941 /* Release */,
			);
			defaultConfigurationIsVisible = 0;
		};
		858CF66B1B9074AB009A3941 /* Build configuration list for PBXNativeTarget "Simple_ChatTests" */ = {
			isa = XCConfigurationList;
			buildConfigurations = (
				858CF66C1B9074AB009A3941 /* Debug */,
				858CF66D1B9074AB009A3941 /* Release */,
			);
			defaultConfigurationIsVisible = 0;
		};
/* End XCConfigurationList section */
	};
	rootObject = 858CF63D1B9074AA009A3941 /* Project object */;
}
